
Microsoft Visual Studio Solution File, Format Version 12.00
# Visual Studio Version 16
VisualStudioVersion = 16.0.29728.190
MinimumVisualStudioVersion = 10.0.40219.1
Project("{F2A71F9B-5D33-465A-A702-920D77279786}") = "Lab1", "Lab1\Lab1.fsproj", "{7118F855-A2BC-41A0-A6A5-EADD41BA197D}"
EndProject
Global
	GlobalSection(SolutionConfigurationPlatforms) = preSolution
		Debug|Any CPU = Debug|Any CPU
		Release|Any CPU = Release|Any CPU
	EndGlobalSection
	GlobalSection(ProjectConfigurationPlatforms) = postSolution
		{7118F855-A2BC-41A0-A6A5-EADD41BA197D}.Debug|Any CPU.ActiveCfg = Debug|Any CPU
		{7118F855-A2BC-41A0-A6A5-EADD41BA197D}.Debug|Any CPU.Build.0 = Debug|Any CPU
		{7118F855-A2BC-41A0-A6A5-EADD41BA197D}.Release|Any CPU.ActiveCfg = Release|Any CPU
		{7118F855-A2BC-41A0-A6A5-EADD41BA197D}.Release|Any CPU.Build.0 = Release|Any CPU
	EndGlobalSection
	GlobalSection(SolutionProperties) = preSolution
		HideSolutionNode = FALSE
	EndGlobalSection
	GlobalSection(ExtensibilityGlobals) = postSolution
		SolutionGuid = {E02A51C8-847D-4EA1-994E-B68BD42F1D06}
	EndGlobalSection
EndGlobal
